
Microsoft Visual Studio Solution File, Format Version 12.00
# Visual Studio 15
VisualStudioVersion = 15.0.26124.0
MinimumVisualStudioVersion = 15.0.26124.0
Project("{FAE04EC0-301F-11D3-BF4B-00C04F79EFBC}") = "Domain", "Domain\Domain.csproj", "{58BE1898-2EE1-47D0-A244-0F47D1FF6860}"
EndProject
Project("{FAE04EC0-301F-11D3-BF4B-00C04F79EFBC}") = "Domain.Tests", "Domain.Tests\Domain.Tests.csproj", "{E70E8D8F-6116-4EA6-B054-3239ADFFBD1D}"
EndProject
Global
	GlobalSection(SolutionConfigurationPlatforms) = preSolution
		Debug|Any CPU = Debug|Any CPU
		Debug|x64 = Debug|x64
		Debug|x86 = Debug|x86
		Release|Any CPU = Release|Any CPU
		Release|x64 = Release|x64
		Release|x86 = Release|x86
	EndGlobalSection
	GlobalSection(SolutionProperties) = preSolution
		HideSolutionNode = FALSE
	EndGlobalSection
	GlobalSection(ProjectConfigurationPlatforms) = postSolution
		{58BE1898-2EE1-47D0-A244-0F47D1FF6860}.Debug|Any CPU.ActiveCfg = Debug|Any CPU
		{58BE1898-2EE1-47D0-A244-0F47D1FF6860}.Debug|Any CPU.Build.0 = Debug|Any CPU
		{58BE1898-2EE1-47D0-A244-0F47D1FF6860}.Debug|x64.ActiveCfg = Debug|Any CPU
		{58BE1898-2EE1-47D0-A244-0F47D1FF6860}.Debug|x64.Build.0 = Debug|Any CPU
		{58BE1898-2EE1-47D0-A244-0F47D1FF6860}.Debug|x86.ActiveCfg = Debug|Any CPU
		{58BE1898-2EE1-47D0-A244-0F47D1FF6860}.Debug|x86.Build.0 = Debug|Any CPU
		{58BE1898-2EE1-47D0-A244-0F47D1FF6860}.Release|Any CPU.ActiveCfg = Release|Any CPU
		{58BE1898-2EE1-47D0-A244-0F47D1FF6860}.Release|Any CPU.Build.0 = Release|Any CPU
		{58BE1898-2EE1-47D0-A244-0F47D1FF6860}.Release|x64.ActiveCfg = Release|Any CPU
		{58BE1898-2EE1-47D0-A244-0F47D1FF6860}.Release|x64.Build.0 = Release|Any CPU
		{58BE1898-2EE1-47D0-A244-0F47D1FF6860}.Release|x86.ActiveCfg = Release|Any CPU
		{58BE1898-2EE1-47D0-A244-0F47D1FF6860}.Release|x86.Build.0 = Release|Any CPU
		{E70E8D8F-6116-4EA6-B054-3239ADFFBD1D}.Debug|Any CPU.ActiveCfg = Debug|Any CPU
		{E70E8D8F-6116-4EA6-B054-3239ADFFBD1D}.Debug|Any CPU.Build.0 = Debug|Any CPU
		{E70E8D8F-6116-4EA6-B054-3239ADFFBD1D}.Debug|x64.ActiveCfg = Debug|Any CPU
		{E70E8D8F-6116-4EA6-B054-3239ADFFBD1D}.Debug|x64.Build.0 = Debug|Any CPU
		{E70E8D8F-6116-4EA6-B054-3239ADFFBD1D}.Debug|x86.ActiveCfg = Debug|Any CPU
		{E70E8D8F-6116-4EA6-B054-3239ADFFBD1D}.Debug|x86.Build.0 = Debug|Any CPU
		{E70E8D8F-6116-4EA6-B054-3239ADFFBD1D}.Release|Any CPU.ActiveCfg = Release|Any CPU
		{E70E8D8F-6116-4EA6-B054-3239ADFFBD1D}.Release|Any CPU.Build.0 = Release|Any CPU
		{E70E8D8F-6116-4EA6-B054-3239ADFFBD1D}.Release|x64.ActiveCfg = Release|Any CPU
		{E70E8D8F-6116-4EA6-B054-3239ADFFBD1D}.Release|x64.Build.0 = Release|Any CPU
		{E70E8D8F-6116-4EA6-B054-3239ADFFBD1D}.Release|x86.ActiveCfg = Release|Any CPU
		{E70E8D8F-6116-4EA6-B054-3239ADFFBD1D}.Release|x86.Build.0 = Release|Any CPU
	EndGlobalSection
EndGlobal
